
Microsoft Visual Studio Solution File, Format Version 12.00
# Visual Studio Version 17
VisualStudioVersion = 17.13.35919.96 d17.13
MinimumVisualStudioVersion = 10.0.40219.1
Project("{FAE04EC0-301F-11D3-BF4B-00C04F79EFBC}") = "EncantoWebAPI", "EncantoWebAPI.csproj", "{9BF8AC73-54A9-4AA0-ADCB-B0E879F88EDA}"
EndProject
Global
	GlobalSection(SolutionConfigurationPlatforms) = preSolution
		Debug|Any CPU = Debug|Any CPU
		Release|Any CPU = Release|Any CPU
	EndGlobalSection
	GlobalSection(ProjectConfigurationPlatforms) = postSolution
		{9BF8AC73-54A9-4AA0-ADCB-B0E879F88EDA}.Debug|Any CPU.ActiveCfg = Debug|Any CPU
		{9BF8AC73-54A9-4AA0-ADCB-B0E879F88EDA}.Debug|Any CPU.Build.0 = Debug|Any CPU
		{9BF8AC73-54A9-4AA0-ADCB-B0E879F88EDA}.Release|Any CPU.ActiveCfg = Release|Any CPU
		{9BF8AC73-54A9-4AA0-ADCB-B0E879F88EDA}.Release|Any CPU.Build.0 = Release|Any CPU
	EndGlobalSection
	GlobalSection(SolutionProperties) = preSolution
		HideSolutionNode = FALSE
	EndGlobalSection
	GlobalSection(ExtensibilityGlobals) = postSolution
		SolutionGuid = {F5DE4AF8-2C0E-4991-ACF6-521034268A69}
	EndGlobalSection
EndGlobal
